
Microsoft Visual Studio Solution File, Format Version 12.00
# Visual Studio Version 16
VisualStudioVersion = 16.0.29926.136
MinimumVisualStudioVersion = 10.0.40219.1
Project("{FAE04EC0-301F-11D3-BF4B-00C04F79EFBC}") = "Drawing.Android", "Drawing\Drawing.Android\Drawing.Android.csproj", "{0A4E665B-D462-4417-BDA8-EA587878E3E1}"
EndProject
Project("{FAE04EC0-301F-11D3-BF4B-00C04F79EFBC}") = "Drawing.iOS", "Drawing\Drawing.iOS\Drawing.iOS.csproj", "{1BDFBA1E-29D4-4374-942D-7CD663991669}"
EndProject
Project("{FAE04EC0-301F-11D3-BF4B-00C04F79EFBC}") = "Drawing", "Drawing\Drawing\Drawing.csproj", "{FEA93822-F2B3-4341-9F97-7C180169DE65}"
EndProject
Global
	GlobalSection(SolutionConfigurationPlatforms) = preSolution
		Debug|Any CPU = Debug|Any CPU
		Debug|iPhone = Debug|iPhone
		Debug|iPhoneSimulator = Debug|iPhoneSimulator
		Release|Any CPU = Release|Any CPU
		Release|iPhone = Release|iPhone
		Release|iPhoneSimulator = Release|iPhoneSimulator
	EndGlobalSection
	GlobalSection(ProjectConfigurationPlatforms) = postSolution
		{0A4E665B-D462-4417-BDA8-EA587878E3E1}.Debug|Any CPU.ActiveCfg = Debug|Any CPU
		{0A4E665B-D462-4417-BDA8-EA587878E3E1}.Debug|Any CPU.Build.0 = Debug|Any CPU
		{0A4E665B-D462-4417-BDA8-EA587878E3E1}.Debug|Any CPU.Deploy.0 = Debug|Any CPU
		{0A4E665B-D462-4417-BDA8-EA587878E3E1}.Debug|iPhone.ActiveCfg = Debug|Any CPU
		{0A4E665B-D462-4417-BDA8-EA587878E3E1}.Debug|iPhone.Build.0 = Debug|Any CPU
		{0A4E665B-D462-4417-BDA8-EA587878E3E1}.Debug|iPhone.Deploy.0 = Debug|Any CPU
		{0A4E665B-D462-4417-BDA8-EA587878E3E1}.Debug|iPhoneSimulator.ActiveCfg = Debug|Any CPU
		{0A4E665B-D462-4417-BDA8-EA587878E3E1}.Debug|iPhoneSimulator.Build.0 = Debug|Any CPU
		{0A4E665B-D462-4417-BDA8-EA587878E3E1}.Debug|iPhoneSimulator.Deploy.0 = Debug|Any CPU
		{0A4E665B-D462-4417-BDA8-EA587878E3E1}.Release|Any CPU.ActiveCfg = Release|Any CPU
		{0A4E665B-D462-4417-BDA8-EA587878E3E1}.Release|Any CPU.Build.0 = Release|Any CPU
		{0A4E665B-D462-4417-BDA8-EA587878E3E1}.Release|Any CPU.Deploy.0 = Release|Any CPU
		{0A4E665B-D462-4417-BDA8-EA587878E3E1}.Release|iPhone.ActiveCfg = Release|Any CPU
		{0A4E665B-D462-4417-BDA8-EA587878E3E1}.Release|iPhone.Build.0 = Release|Any CPU
		{0A4E665B-D462-4417-BDA8-EA587878E3E1}.Release|iPhone.Deploy.0 = Release|Any CPU
		{0A4E665B-D462-4417-BDA8-EA587878E3E1}.Release|iPhoneSimulator.ActiveCfg = Release|Any CPU
		{0A4E665B-D462-4417-BDA8-EA587878E3E1}.Release|iPhoneSimulator.Build.0 = Release|Any CPU
		{0A4E665B-D462-4417-BDA8-EA587878E3E1}.Release|iPhoneSimulator.Deploy.0 = Release|Any CPU
		{1BDFBA1E-29D4-4374-942D-7CD663991669}.Debug|Any CPU.ActiveCfg = Debug|iPhone
		{1BDFBA1E-29D4-4374-942D-7CD663991669}.Debug|Any CPU.Build.0 = Debug|iPhone
		{1BDFBA1E-29D4-4374-942D-7CD663991669}.Debug|Any CPU.Deploy.0 = Debug|iPhone
		{1BDFBA1E-29D4-4374-942D-7CD663991669}.Debug|iPhone.ActiveCfg = Debug|iPhone
		{1BDFBA1E-29D4-4374-942D-7CD663991669}.Debug|iPhone.Build.0 = Debug|iPhone
		{1BDFBA1E-29D4-4374-942D-7CD663991669}.Debug|iPhone.Deploy.0 = Debug|iPhone
		{1BDFBA1E-29D4-4374-942D-7CD663991669}.Debug|iPhoneSimulator.ActiveCfg = Debug|iPhoneSimulator
		{1BDFBA1E-29D4-4374-942D-7CD663991669}.Debug|iPhoneSimulator.Build.0 = Debug|iPhoneSimulator
		{1BDFBA1E-29D4-4374-942D-7CD663991669}.Debug|iPhoneSimulator.Deploy.0 = Debug|iPhoneSimulator
		{1BDFBA1E-29D4-4374-942D-7CD663991669}.Release|Any CPU.ActiveCfg = Release|iPhone
		{1BDFBA1E-29D4-4374-942D-7CD663991669}.Release|Any CPU.Build.0 = Release|iPhone
		{1BDFBA1E-29D4-4374-942D-7CD663991669}.Release|Any CPU.Deploy.0 = Release|iPhone
		{1BDFBA1E-29D4-4374-942D-7CD663991669}.Release|iPhone.ActiveCfg = Release|iPhone
		{1BDFBA1E-29D4-4374-942D-7CD663991669}.Release|iPhone.Build.0 = Release|iPhone
		{1BDFBA1E-29D4-4374-942D-7CD663991669}.Release|iPhone.Deploy.0 = Release|iPhone
		{1BDFBA1E-29D4-4374-942D-7CD663991669}.Release|iPhoneSimulator.ActiveCfg = Release|iPhoneSimulator
		{1BDFBA1E-29D4-4374-942D-7CD663991669}.Release|iPhoneSimulator.Build.0 = Release|iPhoneSimulator
		{1BDFBA1E-29D4-4374-942D-7CD663991669}.Release|iPhoneSimulator.Deploy.0 = Release|iPhoneSimulator
		{FEA93822-F2B3-4341-9F97-7C180169DE65}.Debug|Any CPU.ActiveCfg = Debug|Any CPU
		{FEA93822-F2B3-4341-9F97-7C180169DE65}.Debug|Any CPU.Build.0 = Debug|Any CPU
		{FEA93822-F2B3-4341-9F97-7C180169DE65}.Debug|Any CPU.Deploy.0 = Debug|Any CPU
		{FEA93822-F2B3-4341-9F97-7C180169DE65}.Debug|iPhone.ActiveCfg = Debug|Any CPU
		{FEA93822-F2B3-4341-9F97-7C180169DE65}.Debug|iPhone.Build.0 = Debug|Any CPU
		{FEA93822-F2B3-4341-9F97-7C180169DE65}.Debug|iPhone.Deploy.0 = Debug|Any CPU
		{FEA93822-F2B3-4341-9F97-7C180169DE65}.Debug|iPhoneSimulator.ActiveCfg = Debug|Any CPU
		{FEA93822-F2B3-4341-9F97-7C180169DE65}.Debug|iPhoneSimulator.Build.0 = Debug|Any CPU
		{FEA93822-F2B3-4341-9F97-7C180169DE65}.Debug|iPhoneSimulator.Deploy.0 = Debug|Any CPU
		{FEA93822-F2B3-4341-9F97-7C180169DE65}.Release|Any CPU.ActiveCfg = Release|Any CPU
		{FEA93822-F2B3-4341-9F97-7C180169DE65}.Release|Any CPU.Build.0 = Release|Any CPU
		{FEA93822-F2B3-4341-9F97-7C180169DE65}.Release|Any CPU.Deploy.0 = Release|Any CPU
		{FEA93822-F2B3-4341-9F97-7C180169DE65}.Release|iPhone.ActiveCfg = Release|Any CPU
		{FEA93822-F2B3-4341-9F97-7C180169DE65}.Release|iPhone.Build.0 = Release|Any CPU
		{FEA93822-F2B3-4341-9F97-7C180169DE65}.Release|iPhone.Deploy.0 = Release|Any CPU
		{FEA93822-F2B3-4341-9F97-7C180169DE65}.Release|iPhoneSimulator.ActiveCfg = Release|Any CPU
		{FEA93822-F2B3-4341-9F97-7C180169DE65}.Release|iPhoneSimulator.Build.0 = Release|Any CPU
		{FEA93822-F2B3-4341-9F97-7C180169DE65}.Release|iPhoneSimulator.Deploy.0 = Release|Any CPU
	EndGlobalSection
	GlobalSection(SolutionProperties) = preSolution
		HideSolutionNode = FALSE
	EndGlobalSection
	GlobalSection(ExtensibilityGlobals) = postSolution
		SolutionGuid = {3708F069-410C-4781-B719-0936DC26974E}
	EndGlobalSection
EndGlobal
